Microsoft Visual Studio Solution File, Format Version 12.00
# Visual Studio Version 17
VisualStudioVersion = 17.5.2.0
MinimumVisualStudioVersion = 10.0.40219.1
Project("{2150E333-8FDC-42A3-9474-1A3956D46DE8}") = "src", "src", "{827E0CD3-B72D-47B6-A68D-7590B98EB39B}"
EndProject
Project("{FAE04EC0-301F-11D3-BF4B-00C04F79EFBC}") = "nonsense.Core", "src\nonsense.Core\nonsense.Core.csproj", "{435BD57D-C7D2-BB8F-1732-C2BD8A5319C7}"
EndProject
Project("{FAE04EC0-301F-11D3-BF4B-00C04F79EFBC}") = "nonsense.Infrastructure", "src\nonsense.Infrastructure\nonsense.Infrastructure.csproj", "{605AD60B-7A44-6C1B-E19E-C5593C889B64}"
EndProject
Project("{FAE04EC0-301F-11D3-BF4B-00C04F79EFBC}") = "nonsense.WPF", "src\nonsense.WPF\nonsense.WPF.csproj", "{BF6B3923-2098-84CD-BAAE-2A38AF02FB24}"
EndProject
Global
	GlobalSection(SolutionConfigurationPlatforms) = preSolution
		Debug|Any CPU = Debug|Any CPU
		Release|Any CPU = Release|Any CPU
	EndGlobalSection
	GlobalSection(ProjectConfigurationPlatforms) = postSolution
		{435BD57D-C7D2-BB8F-1732-C2BD8A5319C7}.Debug|Any CPU.ActiveCfg = Debug|Any CPU
		{435BD57D-C7D2-BB8F-1732-C2BD8A5319C7}.Debug|Any CPU.Build.0 = Debug|Any CPU
		{435BD57D-C7D2-BB8F-1732-C2BD8A5319C7}.Release|Any CPU.ActiveCfg = Release|Any CPU
		{435BD57D-C7D2-BB8F-1732-C2BD8A5319C7}.Release|Any CPU.Build.0 = Release|Any CPU
		{605AD60B-7A44-6C1B-E19E-C5593C889B64}.Debug|Any CPU.ActiveCfg = Debug|Any CPU
		{605AD60B-7A44-6C1B-E19E-C5593C889B64}.Debug|Any CPU.Build.0 = Debug|Any CPU
		{605AD60B-7A44-6C1B-E19E-C5593C889B64}.Release|Any CPU.ActiveCfg = Release|Any CPU
		{605AD60B-7A44-6C1B-E19E-C5593C889B64}.Release|Any CPU.Build.0 = Release|Any CPU
		{BF6B3923-2098-84CD-BAAE-2A38AF02FB24}.Debug|Any CPU.ActiveCfg = Debug|Any CPU
		{BF6B3923-2098-84CD-BAAE-2A38AF02FB24}.Debug|Any CPU.Build.0 = Debug|Any CPU
		{BF6B3923-2098-84CD-BAAE-2A38AF02FB24}.Release|Any CPU.ActiveCfg = Release|Any CPU
		{BF6B3923-2098-84CD-BAAE-2A38AF02FB24}.Release|Any CPU.Build.0 = Release|Any CPU
	EndGlobalSection
	GlobalSection(SolutionProperties) = preSolution
		HideSolutionNode = FALSE
	EndGlobalSection
	GlobalSection(NestedProjects) = preSolution
		{435BD57D-C7D2-BB8F-1732-C2BD8A5319C7} = {827E0CD3-B72D-47B6-A68D-7590B98EB39B}
		{605AD60B-7A44-6C1B-E19E-C5593C889B64} = {827E0CD3-B72D-47B6-A68D-7590B98EB39B}
		{BF6B3923-2098-84CD-BAAE-2A38AF02FB24} = {827E0CD3-B72D-47B6-A68D-7590B98EB39B}
	EndGlobalSection
	GlobalSection(ExtensibilityGlobals) = postSolution
		SolutionGuid = {3ADFA064-2AE8-4C1F-AAC1-8C1CD523119C}
	EndGlobalSection
EndGlobal
